Microsoft Visual Studio Solution File, Format Version 12.00
# Visual Studio 2012
Project("{FAE04EC0-301F-11D3-BF4B-00C04F79EFBC}") = "Godot3DProject", "Godot3DProject.csproj", "{940EB05C-4617-4353-ABBE-E247398FEDCD}"
EndProject
Global
	GlobalSection(SolutionConfigurationPlatforms) = preSolution
	Debug|Any CPU = Debug|Any CPU
	ExportDebug|Any CPU = ExportDebug|Any CPU
	ExportRelease|Any CPU = ExportRelease|Any CPU
	EndGlobalSection
	GlobalSection(ProjectConfigurationPlatforms) = postSolution
		{940EB05C-4617-4353-ABBE-E247398FEDCD}.Debug|Any CPU.ActiveCfg = Debug|Any CPU
		{940EB05C-4617-4353-ABBE-E247398FEDCD}.Debug|Any CPU.Build.0 = Debug|Any CPU
		{940EB05C-4617-4353-ABBE-E247398FEDCD}.ExportDebug|Any CPU.ActiveCfg = ExportDebug|Any CPU
		{940EB05C-4617-4353-ABBE-E247398FEDCD}.ExportDebug|Any CPU.Build.0 = ExportDebug|Any CPU
		{940EB05C-4617-4353-ABBE-E247398FEDCD}.ExportRelease|Any CPU.ActiveCfg = ExportRelease|Any CPU
		{940EB05C-4617-4353-ABBE-E247398FEDCD}.ExportRelease|Any CPU.Build.0 = ExportRelease|Any CPU
	EndGlobalSection
EndGlobal
